# This file is automatically @generated by Cargo.
# It is not intended for manual editing.
version = 3

[[package]]
name = "awk"
version = "0.1.0"
dependencies = [
 "posix-regex",
]

[[package]]
name = "grep"
version = "0.1.0"
dependencies = [
 "posix-regex",
]

[[package]]
name = "posix-regex"
version = "0.1.0"

[[package]]
name = "sed"
version = "0.1.0"
dependencies = [
 "posix-regex",
]
